
Microsoft Visual Studio Solution File, Format Version 12.00
# Visual Studio Version 17
VisualStudioVersion = 17.14.36915.13 d17.14
MinimumVisualStudioVersion = 10.0.40219.1
Project("{FAE04EC0-301F-11D3-BF4B-00C04F79EFBC}") = "OnlinePOS", "OnlinePOS.csproj", "{D132213F-51E0-46A4-A684-EEC5B961D88C}"
EndProject
Global
	GlobalSection(SolutionConfigurationPlatforms) = preSolution
		Debug|Any CPU = Debug|Any CPU
		Release|Any CPU = Release|Any CPU
	EndGlobalSection
	GlobalSection(ProjectConfigurationPlatforms) = postSolution
		{D132213F-51E0-46A4-A684-EEC5B961D88C}.Debug|Any CPU.ActiveCfg = Debug|Any CPU
		{D132213F-51E0-46A4-A684-EEC5B961D88C}.Debug|Any CPU.Build.0 = Debug|Any CPU
		{D132213F-51E0-46A4-A684-EEC5B961D88C}.Release|Any CPU.ActiveCfg = Release|Any CPU
		{D132213F-51E0-46A4-A684-EEC5B961D88C}.Release|Any CPU.Build.0 = Release|Any CPU
	EndGlobalSection
	GlobalSection(SolutionProperties) = preSolution
		HideSolutionNode = FALSE
	EndGlobalSection
	GlobalSection(ExtensibilityGlobals) = postSolution
		SolutionGuid = {F5D1E9DD-F2E5-4B8F-97F1-B152920EAEFD}
	EndGlobalSection
EndGlobal
